{
  "name": "dashboard",
  "version": "1.0.0",
  "lockfileVersion": 1,
  "requires": true,
  "dependencies": {
    "@types/glob-to-regexp": {
      "version": "0.4.4",
      "resolved": "https://registry.npmjs.org/@types/glob-to-regexp/-/glob-to-regexp-0.4.4.tgz",
      "integrity": "sha512-nDKoaKJYbnn1MZxUY0cA1bPmmgZbg0cTq7Rh13d0KWYNOiKbqoR+2d89SnRPszGh7ROzSwZ/GOjZ4jPbmmZ6Eg=="
    },
    "aphrodite": {
      "version": "2.4.0",
      "resolved": "https://registry.npmjs.org/aphrodite/-/aphrodite-2.4.0.tgz",
      "integrity": "sha512-1rVRlLco+j1YAT5aKEE8Wuw5zWV+tI41/quEheJAG0vNaGHE64iJ/a2SiVMz8Uc80VdP2/Hjlfd2bPJOWsqJuQ==",
      "requires": {
        "asap": "^2.0.3",
        "inline-style-prefixer": "^5.1.0",
        "string-hash": "^1.1.3"
      }
    },
    "asap": {
      "version": "2.0.6",
      "resolved": "https://registry.npmjs.org/asap/-/asap-2.0.6.tgz",
      "integrity": "sha512-BSHWgDSAiKs50o2Re8ppvp3seVHXSRM44cdSsT9FfNEUUZLOGWVCsiWaRPWM1Znn+mqZ1OfVZ3z3DWEzSp7hRA=="
    },
    "css-in-js-utils": {
      "version": "2.0.1",
      "resolved": "https://registry.npmjs.org/css-in-js-utils/-/css-in-js-utils-2.0.1.tgz",
      "integrity": "sha512-PJF0SpJT+WdbVVt0AOYp9C8GnuruRlL/UFW7932nLWmFLQTaWEzTBQEx7/hn4BuV+WON75iAViSUJLiU3PKbpA==",
      "requires": {
        "hyphenate-style-name": "^1.0.2",
        "isobject": "^3.0.1"
      }
    },
    "data-uri-to-buffer": {
      "version": "4.0.1",
      "resolved": "https://registry.npmjs.org/data-uri-to-buffer/-/data-uri-to-buffer-4.0.1.tgz",
      "integrity": "sha512-0R9ikRb668HB7QDxT1vkpuUBtqc53YyAwMwGeUFKRojY/NWKvdZ+9UYtRfGmhqNbRkTSVpMbmyhXipFFv2cb/A=="
    },
    "dequal": {
      "version": "2.0.3",
      "resolved": "https://registry.npmjs.org/dequal/-/dequal-2.0.3.tgz",
      "integrity": "sha512-0je+qPKHEMohvfRTCEo3CrPG6cAzAYgmzKyxRiYSSDkS6eGJdyVJm7WaYA5ECaAD9wLB2T4EEeymA5aFVcYXCA=="
    },
    "fetch-blob": {
      "version": "3.2.0",
      "resolved": "https://registry.npmjs.org/fetch-blob/-/fetch-blob-3.2.0.tgz",
      "integrity": "sha512-7yAQpD2UMJzLi1Dqv7qFYnPbaPx7ZfFK6PiIxQ4PfkGPyNyl2Ugx+a/umUonmKqjhM4DnfbMvdX6otXq83soQQ==",
      "requires": {
        "node-domexception": "^1.0.0",
        "web-streams-polyfill": "^3.0.3"
      }
    },
    "fetch-mock": {
      "version": "12.2.0",
      "resolved": "https://registry.npmjs.org/fetch-mock/-/fetch-mock-12.2.0.tgz",
      "integrity": "sha512-XjgxM582kB0SzPOqH2UdGTwSqga8A8aBPjxcYr0wTeOlCWpZoK6zBrPzltECUTu6Zt3VTWafmKF599LN9BRN5Q==",
      "requires": {
        "@types/glob-to-regexp": "^0.4.4",
        "dequal": "^2.0.3",
        "glob-to-regexp": "^0.4.1",
        "is-subset-of": "^3.1.10",
        "regexparam": "^3.0.0"
      }
    },
    "formdata-polyfill": {
      "version": "4.0.10",
      "resolved": "https://registry.npmjs.org/formdata-polyfill/-/formdata-polyfill-4.0.10.tgz",
      "integrity": "sha512-buewHzMvYL29jdeQTVILecSaZKnt/RJWjoZCF5OW60Z67/GmSLBkOFM7qh1PI3zFNtJbaZL5eQu1vLfazOwj4g==",
      "requires": {
        "fetch-blob": "^3.1.2"
      }
    },
    "glob-to-regexp": {
      "version": "0.4.1",
      "resolved": "https://registry.npmjs.org/glob-to-regexp/-/glob-to-regexp-0.4.1.tgz",
      "integrity": "sha512-lkX1HJXwyMcprw/5YUZc2s7DrpAiHB21/V+E1rHUrVNokkvB6bqMzT0VfV6/86ZNabt1k14YOIaT7nDvOX3Iiw=="
    },
    "hyphenate-style-name": {
      "version": "1.1.0",
      "resolved": "https://registry.npmjs.org/hyphenate-style-name/-/hyphenate-style-name-1.1.0.tgz",
      "integrity": "sha512-WDC/ui2VVRrz3jOVi+XtjqkDjiVjTtFaAGiW37k6b+ohyQ5wYDOGkvCZa8+H0nx3gyvv0+BST9xuOgIyGQ00gw=="
    },
    "inline-style-prefixer": {
      "version": "5.1.2",
      "resolved": "https://registry.npmjs.org/inline-style-prefixer/-/inline-style-prefixer-5.1.2.tgz",
      "integrity": "sha512-PYUF+94gDfhy+LsQxM0g3d6Hge4l1pAqOSOiZuHWzMvQEGsbRQ/ck2WioLqrY2ZkHyPgVUXxn+hrkF7D6QUGbA==",
      "requires": {
        "css-in-js-utils": "^2.0.0"
      }
    },
    "is-subset-of": {
      "version": "3.1.10",
      "resolved": "https://registry.npmjs.org/is-subset-of/-/is-subset-of-3.1.10.tgz",
      "integrity": "sha512-avvaYgVmYWyaZ1NDFiv4y9JGkrE2je3op1Po4VYKKJKR8H2qVPsg1GZuuXl5elCTxTlwAIsrAjWAs4BVrISFRw==",
      "requires": {
        "typedescriptor": "3.0.2"
      }
    },
    "isobject": {
      "version": "3.0.1",
      "resolved": "https://registry.npmjs.org/isobject/-/isobject-3.0.1.tgz",
      "integrity": "sha512-WhB9zCku7EGTj/HQQRz5aUQEUeoQZH2bWcltRErOpymJ4boYE6wL9Tbr23krRPSZ+C5zqNSrSw+Cc7sZZ4b7vg=="
    },
    "lodash.isplainobject": {
      "version": "4.0.6",
      "resolved": "https://registry.npmjs.org/lodash.isplainobject/-/lodash.isplainobject-4.0.6.tgz",
      "integrity": "sha512-oSXzaWypCMHkPC3NvBEaPHf0KsA5mvPrOPgQWDsbg8n7orZ290M0BmC/jgRZ4vcJ6DTAhjrsSYgdsW/F+MFOBA=="
    },
    "node-domexception": {
      "version": "1.0.0",
      "resolved": "https://registry.npmjs.org/node-domexception/-/node-domexception-1.0.0.tgz",
      "integrity": "sha512-/jKZoMpw0F8GRwl4/eLROPA3cfcXtLApP0QzLmUT/HuPCZWyB7IY9ZrMeKw2O/nFIqPQB3PVM9aYm0F312AXDQ=="
    },
    "node-fetch": {
      "version": "3.3.2",
      "resolved": "https://registry.npmjs.org/node-fetch/-/node-fetch-3.3.2.tgz",
      "integrity": "sha512-dRB78srN/l6gqWulah9SrxeYnxeddIG30+GOqK/9OlLVyLg3HPnr6SqOWTWOXKRwC2eGYCkZ59NNuSgvSrpgOA==",
      "requires": {
        "data-uri-to-buffer": "^4.0.0",
        "fetch-blob": "^3.1.4",
        "formdata-polyfill": "^4.0.10"
      }
    },
    "normalizr": {
      "version": "3.6.2",
      "resolved": "https://registry.npmjs.org/normalizr/-/normalizr-3.6.2.tgz",
      "integrity": "sha512-30qCybsBaCBciotorvuOZTCGEg2AXrJfADMT2Kk/lvpIAcipHdK0zc33nNtwKzyfQAqIJXAcqET6YgflYUgsoQ=="
    },
    "redux": {
      "version": "5.0.1",
      "resolved": "https://registry.npmjs.org/redux/-/redux-5.0.1.tgz",
      "integrity": "sha512-M9/ELqF6fy8FwmkpnF0S3YKOqMyoWJ4+CS5Efg2ct3oY9daQvd/Pc71FpGZsVsbl3Cpb+IIcjBDUnnyBdQbq4w=="
    },
    "redux-mock-store": {
      "version": "1.5.5",
      "resolved": "https://registry.npmjs.org/redux-mock-store/-/redux-mock-store-1.5.5.tgz",
      "integrity": "sha512-YxX+ofKUTQkZE4HbhYG4kKGr7oCTJfB0GLy7bSeqx86GLpGirrbUWstMnqXkqHNaQpcnbMGbof2dYs5KsPE6Zg==",
      "requires": {
        "lodash.isplainobject": "^4.0.6"
      }
    },
    "redux-thunk": {
      "version": "3.1.0",
      "resolved": "https://registry.npmjs.org/redux-thunk/-/redux-thunk-3.1.0.tgz",
      "integrity": "sha512-NW2r5T6ksUKXCabzhL9z+h206HQw/NJkcLm1GPImRQ8IzfXwRGqjVhKJGauHirT0DAuyy6hjdnMZaRoAcy0Klw=="
    },
    "regexparam": {
      "version": "3.0.0",
      "resolved": "https://registry.npmjs.org/regexparam/-/regexparam-3.0.0.tgz",
      "integrity": "sha512-RSYAtP31mvYLkAHrOlh25pCNQ5hWnT106VukGaaFfuJrZFkGRX5GhUAdPqpSDXxOhA2c4akmRuplv1mRqnBn6Q=="
    },
    "string-hash": {
      "version": "1.1.3",
      "resolved": "https://registry.npmjs.org/string-hash/-/string-hash-1.1.3.tgz",
      "integrity": "sha512-kJUvRUFK49aub+a7T1nNE66EJbZBMnBgoC1UbCZ5n6bsZKBRga4KgBRTMn/pFkeCZSYtNeSyMxPDM0AXWELk2A=="
    },
    "typedescriptor": {
      "version": "3.0.2",
      "resolved": "https://registry.npmjs.org/typedescriptor/-/typedescriptor-3.0.2.tgz",
      "integrity": "sha512-hyVbaCUd18UiXk656g/imaBLMogpdijIEpnhWYrSda9rhvO4gOU16n2nh7xG5lv/rjumnZzGOdz0CEGTmFe0fQ=="
    },
    "web-streams-polyfill": {
      "version": "3.3.3",
      "resolved": "https://registry.npmjs.org/web-streams-polyfill/-/web-streams-polyfill-3.3.3.tgz",
      "integrity": "sha512-d2JWLCivmZYTSIoge9MsgFCZrt571BikcWGYkjC1khllbTeDlGqZ2D8vD8E/lJa8WGWbb7Plm8/XJYV7IJHZZw=="
    }
  }
}
